
Microsoft Visual Studio Solution File, Format Version 12.00
# Visual Studio Version 17
VisualStudioVersion = 17.5.002.0
MinimumVisualStudioVersion = 10.0.40219.1
Project("{2150E333-8FDC-42A3-9474-1A3956D46DE8}") = "Odata-docs", "Odata-docs", "{5AB35316-9B7F-4EE2-984D-6B687DAEA0CC}"
EndProject
Project("{2150E333-8FDC-42A3-9474-1A3956D46DE8}") = "webapi", "webapi", "{F17281A2-790F-46A1-AF93-50C3323E071E}"
EndProject
Project("{2150E333-8FDC-42A3-9474-1A3956D46DE8}") = "odata-advanced", "odata-advanced", "{B6B0AE1E-6DDF-4FA0-B16E-1FB7841C33B5}"
EndProject
Project("{2150E333-8FDC-42A3-9474-1A3956D46DE8}") = "sample", "sample", "{795B2AE7-D487-4871-A8E0-6AA9F4FA12D9}"
EndProject
Project("{9A19103F-16F7-4668-BE54-9A1E7A4F7556}") = "CU_expand", "Odata-docs\webapi\odata-advanced\sample\odata-expand\CU_expand.csproj", "{0DCF8DFA-434D-4678-BE64-08E29ADA5500}"
EndProject
Project("{2150E333-8FDC-42A3-9474-1A3956D46DE8}") = "odata-security", "odata-security", "{591E506B-6744-4B59-B0E6-2211A44C119B}"
EndProject
Project("{2150E333-8FDC-42A3-9474-1A3956D46DE8}") = "sample", "sample", "{E4C21CB3-E589-4F05-968E-F912549C0D1E}"
EndProject
Project("{9A19103F-16F7-4668-BE54-9A1E7A4F7556}") = "ODataAPI", "Odata-docs\webapi\odata-security\sample\ODataAPI\ODataAPI.csproj", "{92E38E49-CCB0-4A56-AC8B-74E91F253F62}"
EndProject
Project("{2150E333-8FDC-42A3-9474-1A3956D46DE8}") = "first-odata-api", "first-odata-api", "{1D2D693E-1D1D-4EC1-B1C4-5A1C211BD0A0}"
EndProject
Project("{2150E333-8FDC-42A3-9474-1A3956D46DE8}") = "samples", "samples", "{CD2F1B01-8D6A-4310-BBD2-34FC8C7CBF6F}"
EndProject
Project("{2150E333-8FDC-42A3-9474-1A3956D46DE8}") = "2.2", "2.2", "{7A3C7577-F942-4529-B0EE-E851798973A5}"
EndProject
Project("{9A19103F-16F7-4668-BE54-9A1E7A4F7556}") = "TodoApi", "Odata-docs\webapi\first-odata-api\samples\2.2\StarterApp\TodoApi.csproj", "{6BAD5536-2697-4931-BCAA-51C03B2AF222}"
EndProject
Project("{9A19103F-16F7-4668-BE54-9A1E7A4F7556}") = "TodoApi (1)", "Odata-docs\webapi\first-odata-api\samples\2.2\TodoApi\TodoApi.csproj", "{B9B60E03-D6A7-43CF-A9D5-97A037EFE1F1}"
EndProject
Global
	GlobalSection(SolutionConfigurationPlatforms) = preSolution
		Debug|Any CPU = Debug|Any CPU
		Release|Any CPU = Release|Any CPU
	EndGlobalSection
	GlobalSection(ProjectConfigurationPlatforms) = postSolution
		{0DCF8DFA-434D-4678-BE64-08E29ADA5500}.Debug|Any CPU.ActiveCfg = Debug|Any CPU
		{0DCF8DFA-434D-4678-BE64-08E29ADA5500}.Debug|Any CPU.Build.0 = Debug|Any CPU
		{0DCF8DFA-434D-4678-BE64-08E29ADA5500}.Release|Any CPU.ActiveCfg = Release|Any CPU
		{0DCF8DFA-434D-4678-BE64-08E29ADA5500}.Release|Any CPU.Build.0 = Release|Any CPU
		{92E38E49-CCB0-4A56-AC8B-74E91F253F62}.Debug|Any CPU.ActiveCfg = Debug|Any CPU
		{92E38E49-CCB0-4A56-AC8B-74E91F253F62}.Debug|Any CPU.Build.0 = Debug|Any CPU
		{92E38E49-CCB0-4A56-AC8B-74E91F253F62}.Release|Any CPU.ActiveCfg = Release|Any CPU
		{92E38E49-CCB0-4A56-AC8B-74E91F253F62}.Release|Any CPU.Build.0 = Release|Any CPU
		{6BAD5536-2697-4931-BCAA-51C03B2AF222}.Debug|Any CPU.ActiveCfg = Debug|Any CPU
		{6BAD5536-2697-4931-BCAA-51C03B2AF222}.Debug|Any CPU.Build.0 = Debug|Any CPU
		{6BAD5536-2697-4931-BCAA-51C03B2AF222}.Release|Any CPU.ActiveCfg = Release|Any CPU
		{6BAD5536-2697-4931-BCAA-51C03B2AF222}.Release|Any CPU.Build.0 = Release|Any CPU
		{B9B60E03-D6A7-43CF-A9D5-97A037EFE1F1}.Debug|Any CPU.ActiveCfg = Debug|Any CPU
		{B9B60E03-D6A7-43CF-A9D5-97A037EFE1F1}.Debug|Any CPU.Build.0 = Debug|Any CPU
		{B9B60E03-D6A7-43CF-A9D5-97A037EFE1F1}.Release|Any CPU.ActiveCfg = Release|Any CPU
		{B9B60E03-D6A7-43CF-A9D5-97A037EFE1F1}.Release|Any CPU.Build.0 = Release|Any CPU
	EndGlobalSection
	GlobalSection(SolutionProperties) = preSolution
		HideSolutionNode = FALSE
	EndGlobalSection
	GlobalSection(NestedProjects) = preSolution
		{F17281A2-790F-46A1-AF93-50C3323E071E} = {5AB35316-9B7F-4EE2-984D-6B687DAEA0CC}
		{B6B0AE1E-6DDF-4FA0-B16E-1FB7841C33B5} = {F17281A2-790F-46A1-AF93-50C3323E071E}
		{795B2AE7-D487-4871-A8E0-6AA9F4FA12D9} = {B6B0AE1E-6DDF-4FA0-B16E-1FB7841C33B5}
		{0DCF8DFA-434D-4678-BE64-08E29ADA5500} = {795B2AE7-D487-4871-A8E0-6AA9F4FA12D9}
		{591E506B-6744-4B59-B0E6-2211A44C119B} = {F17281A2-790F-46A1-AF93-50C3323E071E}
		{E4C21CB3-E589-4F05-968E-F912549C0D1E} = {591E506B-6744-4B59-B0E6-2211A44C119B}
		{92E38E49-CCB0-4A56-AC8B-74E91F253F62} = {E4C21CB3-E589-4F05-968E-F912549C0D1E}
		{1D2D693E-1D1D-4EC1-B1C4-5A1C211BD0A0} = {F17281A2-790F-46A1-AF93-50C3323E071E}
		{CD2F1B01-8D6A-4310-BBD2-34FC8C7CBF6F} = {1D2D693E-1D1D-4EC1-B1C4-5A1C211BD0A0}
		{7A3C7577-F942-4529-B0EE-E851798973A5} = {CD2F1B01-8D6A-4310-BBD2-34FC8C7CBF6F}
		{6BAD5536-2697-4931-BCAA-51C03B2AF222} = {7A3C7577-F942-4529-B0EE-E851798973A5}
		{B9B60E03-D6A7-43CF-A9D5-97A037EFE1F1} = {7A3C7577-F942-4529-B0EE-E851798973A5}
	EndGlobalSection
	GlobalSection(ExtensibilityGlobals) = postSolution
		SolutionGuid = {B489A002-F33E-412F-97F1-5E7B51410BE8}
	EndGlobalSection
EndGlobal
