
Microsoft Visual Studio Solution File, Format Version 12.00
# Visual Studio Version 17
VisualStudioVersion = 17.5.002.0
MinimumVisualStudioVersion = 10.0.40219.1
Project("{2150E333-8FDC-42A3-9474-1A3956D46DE8}") = "Odata-docs", "Odata-docs", "{19C4D534-18A7-4EF4-84EF-41EDB05A1E55}"
EndProject
Project("{2150E333-8FDC-42A3-9474-1A3956D46DE8}") = "webapi", "webapi", "{3D6F0357-330C-43F8-A73E-D47D5D7FAE41}"
EndProject
Project("{2150E333-8FDC-42A3-9474-1A3956D46DE8}") = "odata-advanced", "odata-advanced", "{7C99C8B3-9B3B-463A-A662-F95C50E0AE80}"
EndProject
Project("{2150E333-8FDC-42A3-9474-1A3956D46DE8}") = "sample", "sample", "{C6DEAE3F-F9F9-4469-9ECD-7EA024D53575}"
EndProject
Project("{9A19103F-16F7-4668-BE54-9A1E7A4F7556}") = "CU_expand", "Odata-docs\webapi\odata-advanced\sample\odata-expand\CU_expand.csproj", "{CE75C41A-1E5C-46EA-B05D-73DDB086E391}"
EndProject
Project("{2150E333-8FDC-42A3-9474-1A3956D46DE8}") = "odata-security", "odata-security", "{15A3B437-B907-4715-BDED-8C0F73A08CCB}"
EndProject
Project("{2150E333-8FDC-42A3-9474-1A3956D46DE8}") = "sample", "sample", "{83F702B2-86D2-4BB3-9668-4432439A48F3}"
EndProject
Project("{9A19103F-16F7-4668-BE54-9A1E7A4F7556}") = "ODataAPI", "Odata-docs\webapi\odata-security\sample\ODataAPI\ODataAPI.csproj", "{E69CE9E1-412A-4554-ABAC-B622B9837128}"
EndProject
Project("{2150E333-8FDC-42A3-9474-1A3956D46DE8}") = "first-odata-api", "first-odata-api", "{BD03F9B2-FF81-405C-8618-F88D7F34EB4D}"
EndProject
Project("{2150E333-8FDC-42A3-9474-1A3956D46DE8}") = "samples", "samples", "{14C2AFE5-77E1-4230-82FE-660F677C568C}"
EndProject
Project("{2150E333-8FDC-42A3-9474-1A3956D46DE8}") = "2.2", "2.2", "{065E4C42-A47F-4374-BA4C-E1B48A722DB8}"
EndProject
Project("{9A19103F-16F7-4668-BE54-9A1E7A4F7556}") = "TodoApi", "Odata-docs\webapi\first-odata-api\samples\2.2\StarterApp\TodoApi.csproj", "{5168210D-FBAB-4BF1-B4C5-DD28DE6A779C}"
EndProject
Project("{9A19103F-16F7-4668-BE54-9A1E7A4F7556}") = "TodoApi (1)", "Odata-docs\webapi\first-odata-api\samples\2.2\TodoApi\TodoApi.csproj", "{3E2C1FC7-283B-4E20-A343-BF08E3CC9647}"
EndProject
Global
	GlobalSection(SolutionConfigurationPlatforms) = preSolution
		Debug|Any CPU = Debug|Any CPU
		Release|Any CPU = Release|Any CPU
	EndGlobalSection
	GlobalSection(ProjectConfigurationPlatforms) = postSolution
		{CE75C41A-1E5C-46EA-B05D-73DDB086E391}.Debug|Any CPU.ActiveCfg = Debug|Any CPU
		{CE75C41A-1E5C-46EA-B05D-73DDB086E391}.Debug|Any CPU.Build.0 = Debug|Any CPU
		{CE75C41A-1E5C-46EA-B05D-73DDB086E391}.Release|Any CPU.ActiveCfg = Release|Any CPU
		{CE75C41A-1E5C-46EA-B05D-73DDB086E391}.Release|Any CPU.Build.0 = Release|Any CPU
		{E69CE9E1-412A-4554-ABAC-B622B9837128}.Debug|Any CPU.ActiveCfg = Debug|Any CPU
		{E69CE9E1-412A-4554-ABAC-B622B9837128}.Debug|Any CPU.Build.0 = Debug|Any CPU
		{E69CE9E1-412A-4554-ABAC-B622B9837128}.Release|Any CPU.ActiveCfg = Release|Any CPU
		{E69CE9E1-412A-4554-ABAC-B622B9837128}.Release|Any CPU.Build.0 = Release|Any CPU
		{5168210D-FBAB-4BF1-B4C5-DD28DE6A779C}.Debug|Any CPU.ActiveCfg = Debug|Any CPU
		{5168210D-FBAB-4BF1-B4C5-DD28DE6A779C}.Debug|Any CPU.Build.0 = Debug|Any CPU
		{5168210D-FBAB-4BF1-B4C5-DD28DE6A779C}.Release|Any CPU.ActiveCfg = Release|Any CPU
		{5168210D-FBAB-4BF1-B4C5-DD28DE6A779C}.Release|Any CPU.Build.0 = Release|Any CPU
		{3E2C1FC7-283B-4E20-A343-BF08E3CC9647}.Debug|Any CPU.ActiveCfg = Debug|Any CPU
		{3E2C1FC7-283B-4E20-A343-BF08E3CC9647}.Debug|Any CPU.Build.0 = Debug|Any CPU
		{3E2C1FC7-283B-4E20-A343-BF08E3CC9647}.Release|Any CPU.ActiveCfg = Release|Any CPU
		{3E2C1FC7-283B-4E20-A343-BF08E3CC9647}.Release|Any CPU.Build.0 = Release|Any CPU
	EndGlobalSection
	GlobalSection(SolutionProperties) = preSolution
		HideSolutionNode = FALSE
	EndGlobalSection
	GlobalSection(NestedProjects) = preSolution
		{3D6F0357-330C-43F8-A73E-D47D5D7FAE41} = {19C4D534-18A7-4EF4-84EF-41EDB05A1E55}
		{7C99C8B3-9B3B-463A-A662-F95C50E0AE80} = {3D6F0357-330C-43F8-A73E-D47D5D7FAE41}
		{C6DEAE3F-F9F9-4469-9ECD-7EA024D53575} = {7C99C8B3-9B3B-463A-A662-F95C50E0AE80}
		{CE75C41A-1E5C-46EA-B05D-73DDB086E391} = {C6DEAE3F-F9F9-4469-9ECD-7EA024D53575}
		{15A3B437-B907-4715-BDED-8C0F73A08CCB} = {3D6F0357-330C-43F8-A73E-D47D5D7FAE41}
		{83F702B2-86D2-4BB3-9668-4432439A48F3} = {15A3B437-B907-4715-BDED-8C0F73A08CCB}
		{E69CE9E1-412A-4554-ABAC-B622B9837128} = {83F702B2-86D2-4BB3-9668-4432439A48F3}
		{BD03F9B2-FF81-405C-8618-F88D7F34EB4D} = {3D6F0357-330C-43F8-A73E-D47D5D7FAE41}
		{14C2AFE5-77E1-4230-82FE-660F677C568C} = {BD03F9B2-FF81-405C-8618-F88D7F34EB4D}
		{065E4C42-A47F-4374-BA4C-E1B48A722DB8} = {14C2AFE5-77E1-4230-82FE-660F677C568C}
		{5168210D-FBAB-4BF1-B4C5-DD28DE6A779C} = {065E4C42-A47F-4374-BA4C-E1B48A722DB8}
		{3E2C1FC7-283B-4E20-A343-BF08E3CC9647} = {065E4C42-A47F-4374-BA4C-E1B48A722DB8}
	EndGlobalSection
	GlobalSection(ExtensibilityGlobals) = postSolution
		SolutionGuid = {D7F019D4-BAF6-4B76-8597-CD725BC8378D}
	EndGlobalSection
EndGlobal
